
Microsoft Visual Studio Solution File, Format Version 12.00
# Visual Studio 15
Project("{FAE04EC0-301F-11D3-BF4B-00C04F79EFBC}") = "TestingGrounds", "TestingGrounds.csproj", "{6C3838A3-A302-4393-80A7-4095CC6F149B}"
EndProject
Global
	GlobalSection(SolutionConfigurationPlatforms) = preSolution
		Debug|x86 = Debug|x86
		Release|x86 = Release|x86
	EndGlobalSection
	GlobalSection(ProjectConfigurationPlatforms) = postSolution
		{6C3838A3-A302-4393-80A7-4095CC6F149B}.Debug|x86.ActiveCfg = Debug|x86
		{6C3838A3-A302-4393-80A7-4095CC6F149B}.Debug|x86.Build.0 = Debug|x86
		{6C3838A3-A302-4393-80A7-4095CC6F149B}.Release|x86.ActiveCfg = Release|x86
		{6C3838A3-A302-4393-80A7-4095CC6F149B}.Release|x86.Build.0 = Release|x86
	EndGlobalSection
EndGlobal
