
Microsoft Visual Studio Solution File, Format Version 12.00
Project("{FAE04EC0-301F-11D3-BF4B-00C04F79EFBC}") = "Bowling2", "Bowling2\Bowling2.csproj", "{8F883D52-C8AE-4642-B96C-297C4BEA7CF1}"
EndProject
Global
	GlobalSection(SolutionConfigurationPlatforms) = preSolution
		Debug|Any CPU = Debug|Any CPU
		Release|Any CPU = Release|Any CPU
	EndGlobalSection
	GlobalSection(ProjectConfigurationPlatforms) = postSolution
		{8F883D52-C8AE-4642-B96C-297C4BEA7CF1}.Debug|Any CPU.ActiveCfg = Debug|Any CPU
		{8F883D52-C8AE-4642-B96C-297C4BEA7CF1}.Debug|Any CPU.Build.0 = Debug|Any CPU
		{8F883D52-C8AE-4642-B96C-297C4BEA7CF1}.Release|Any CPU.ActiveCfg = Release|Any CPU
		{8F883D52-C8AE-4642-B96C-297C4BEA7CF1}.Release|Any CPU.Build.0 = Release|Any CPU
	EndGlobalSection
EndGlobal
