
Microsoft Visual Studio Solution File, Format Version 12.00
Project("{FAE04EC0-301F-11D3-BF4B-00C04F79EFBC}") = "Mission1And2", "Mission1And2\Mission1And2.csproj", "{F32DA8EF-339E-43E8-AD6C-B0D43E29F944}"
EndProject
Global
	GlobalSection(SolutionConfigurationPlatforms) = preSolution
		Debug|Any CPU = Debug|Any CPU
		Release|Any CPU = Release|Any CPU
	EndGlobalSection
	GlobalSection(ProjectConfigurationPlatforms) = postSolution
		{F32DA8EF-339E-43E8-AD6C-B0D43E29F944}.Debug|Any CPU.ActiveCfg = Debug|Any CPU
		{F32DA8EF-339E-43E8-AD6C-B0D43E29F944}.Debug|Any CPU.Build.0 = Debug|Any CPU
		{F32DA8EF-339E-43E8-AD6C-B0D43E29F944}.Release|Any CPU.ActiveCfg = Release|Any CPU
		{F32DA8EF-339E-43E8-AD6C-B0D43E29F944}.Release|Any CPU.Build.0 = Release|Any CPU
	EndGlobalSection
EndGlobal
